
Microsoft Visual Studio Solution File, Format Version 12.00
# Visual Studio Version 17
VisualStudioVersion = 17.6.33829.357
MinimumVisualStudioVersion = 10.0.40219.1
Project("{FAE04EC0-301F-11D3-BF4B-00C04F79EFBC}") = "WhereAreMyItems", "WhereAreMyItems.csproj", "{8060DF78-D720-4C71-8193-2885178DF6B8}"
EndProject
Global
	GlobalSection(SolutionConfigurationPlatforms) = preSolution
		Debug|Any CPU = Debug|Any CPU
		Release|Any CPU = Release|Any CPU
	EndGlobalSection
	GlobalSection(ProjectConfigurationPlatforms) = postSolution
		{8060DF78-D720-4C71-8193-2885178DF6B8}.Debug|Any CPU.ActiveCfg = Debug|Any CPU
		{8060DF78-D720-4C71-8193-2885178DF6B8}.Debug|Any CPU.Build.0 = Debug|Any CPU
		{8060DF78-D720-4C71-8193-2885178DF6B8}.Release|Any CPU.ActiveCfg = Release|Any CPU
		{8060DF78-D720-4C71-8193-2885178DF6B8}.Release|Any CPU.Build.0 = Release|Any CPU
	EndGlobalSection
	GlobalSection(SolutionProperties) = preSolution
		HideSolutionNode = FALSE
	EndGlobalSection
	GlobalSection(ExtensibilityGlobals) = postSolution
		SolutionGuid = {EEDCDF0E-7611-422C-A278-06BF27C6F1EF}
	EndGlobalSection
EndGlobal
